PODS:
  - Alamofire (4.9.0)
  - MagicMapper (1.0.2)
  - SmartmoveMobileAdsSDK (0.1.0):
    - Alamofire
    - MagicMapper
    - SwiftyBeaver
  - SwiftyBeaver (1.8.2)

DEPENDENCIES:
  - SmartmoveMobileAdsSDK (from `../`)

SPEC REPOS:
  trunk:
    - Alamofire
    - MagicMapper
    - SwiftyBeaver

EXTERNAL SOURCES:
  SmartmoveMobileAdsSDK:
    :path: "../"

SPEC CHECKSUMS:
  Alamofire: afc3e7c6db61476cb45cdd23fed06bad03bbc321
  MagicMapper: 1909d0e15b7a3ef7faec2c5e30791eed0815e934
  SmartmoveMobileAdsSDK: 92cdc7b96f49179650f326b6447dbade8950c810
  SwiftyBeaver: aaf2ebd7dac2e952991f46a82ed24ad642867ae2

PODFILE CHECKSUM: fa8fea46d3dd3c46b33785bf3a5076edda0a22ba

COCOAPODS: 1.8.4
