PODS:
  - Alamofire (4.9.0)
  - MagicMapper (1.0.2)
  - SDWebImage (5.2.3):
    - SDWebImage/Core (= 5.2.3)
  - SDWebImage/Core (5.2.3)
  - SmartmoveMobileAdsSDK (0.1.1):
    - Alamofire
    - MagicMapper
    - SDWebImage
    - SmartmoveMobileAdsSDK/SMADResources (= 0.1.1)
    - SwiftyBeaver
  - SmartmoveMobileAdsSDK/SMADResources (0.1.1):
    - Alamofire
    - MagicMapper
    - SDWebImage
    - SwiftyBeaver
  - SwiftyBeaver (1.8.2)

DEPENDENCIES:
  - SmartmoveMobileAdsSDK (from `../`)

SPEC REPOS:
  trunk:
    - Alamofire
    - MagicMapper
    - SDWebImage
    - SwiftyBeaver

EXTERNAL SOURCES:
  SmartmoveMobileAdsSDK:
    :path: "../"

SPEC CHECKSUMS:
  Alamofire: afc3e7c6db61476cb45cdd23fed06bad03bbc321
  MagicMapper: 1909d0e15b7a3ef7faec2c5e30791eed0815e934
  SDWebImage: 46a7f73228f84ce80990c786e4372cf4db5875ce
  SmartmoveMobileAdsSDK: 20c2ef5da5ff143be28b29e5b1e45539d6106a81
  SwiftyBeaver: aaf2ebd7dac2e952991f46a82ed24ad642867ae2

PODFILE CHECKSUM: 6b86e47a57fef2d589d73f57f9cd6a3c1dcb63e7

COCOAPODS: 1.8.4
